
Microsoft Visual Studio Solution File, Format Version 12.00
# Visual Studio Version 17
VisualStudioVersion = 17.4.33122.133
MinimumVisualStudioVersion = 10.0.40219.1
Project("{FAE04EC0-301F-11D3-BF4B-00C04F79EFBC}") = "XCentiumCodeChallenge", "XCentiumCodeChallenge\XCentiumCodeChallenge.csproj", "{232A313E-7D5E-4630-A653-622E3F4D15D4}"
EndProject
Global
	GlobalSection(SolutionConfigurationPlatforms) = preSolution
		Debug|Any CPU = Debug|Any CPU
		Release|Any CPU = Release|Any CPU
	EndGlobalSection
	GlobalSection(ProjectConfigurationPlatforms) = postSolution
		{232A313E-7D5E-4630-A653-622E3F4D15D4}.Debug|Any CPU.ActiveCfg = Debug|Any CPU
		{232A313E-7D5E-4630-A653-622E3F4D15D4}.Debug|Any CPU.Build.0 = Debug|Any CPU
		{232A313E-7D5E-4630-A653-622E3F4D15D4}.Release|Any CPU.ActiveCfg = Release|Any CPU
		{232A313E-7D5E-4630-A653-622E3F4D15D4}.Release|Any CPU.Build.0 = Release|Any CPU
	EndGlobalSection
	GlobalSection(SolutionProperties) = preSolution
		HideSolutionNode = FALSE
	EndGlobalSection
	GlobalSection(ExtensibilityGlobals) = postSolution
		SolutionGuid = {2DC8D311-9837-4F7D-95F9-6699E337C7C1}
	EndGlobalSection
EndGlobal
